
Microsoft Visual Studio Solution File, Format Version 12.00
# Visual Studio Version 16
VisualStudioVersion = 16.0.29728.190
MinimumVisualStudioVersion = 10.0.40219.1
Project("{9A19103F-16F7-4668-BE54-9A1E7A4F7556}") = "PatronesDiseno.Facade", "PatronesDiseno.Facade\PatronesDiseno.Facade.csproj", "{9EF782E3-B96A-4618-AC22-2F409FC1BB64}"
EndProject
Project("{9A19103F-16F7-4668-BE54-9A1E7A4F7556}") = "PatronesDiseno.Singleton", "PatronesDiseno.Singleton\PatronesDiseno.Singleton.csproj", "{56CD2B31-99E1-4095-93F9-22E1AEBCCAA7}"
EndProject
Project("{9A19103F-16F7-4668-BE54-9A1E7A4F7556}") = "PatronesDiseno.Proxy", "PatronesDiseno.Proxy\PatronesDiseno.Proxy.csproj", "{2BD05529-66AD-4E5C-A0E2-48654D436E37}"
EndProject
Project("{9A19103F-16F7-4668-BE54-9A1E7A4F7556}") = "PatronesDiseno.Command", "PatronesDiseno.Command\PatronesDiseno.Command.csproj", "{088419BE-F975-481E-90AE-3BB865B78C7F}"
EndProject
Project("{9A19103F-16F7-4668-BE54-9A1E7A4F7556}") = "PatronesDiseno.State", "PatronesDiseno.State\PatronesDiseno.State.csproj", "{B4B0FAF1-E04F-466D-B657-4C0D7E17D532}"
EndProject
Project("{9A19103F-16F7-4668-BE54-9A1E7A4F7556}") = "PatronesDiseno.Observer", "PatronesDiseno.Observer\PatronesDiseno.Observer.csproj", "{E1DB2D40-52B5-4F87-9A59-4F526864708A}"
EndProject
Project("{9A19103F-16F7-4668-BE54-9A1E7A4F7556}") = "PatronesDiseno.Adapter", "PatronesDiseno.Adapter\PatronesDiseno.Adapter.csproj", "{950AA67A-168A-489D-9FC0-1F85E97924DB}"
EndProject
Project("{9A19103F-16F7-4668-BE54-9A1E7A4F7556}") = "PatronesDiseno.FactoryMethod", "PatronesDiseno.FactoryMethod\PatronesDiseno.FactoryMethod.csproj", "{E5D75E54-622F-483B-B45C-D20C6287BF83}"
EndProject
Project("{9A19103F-16F7-4668-BE54-9A1E7A4F7556}") = "PatronesDiseno.SimpleFactory", "PatronesDiseno.SimpleFactory\PatronesDiseno.SimpleFactory.csproj", "{0CA89ED1-16C4-471A-ADA4-EA11CE9160D0}"
EndProject
Project("{FAE04EC0-301F-11D3-BF4B-00C04F79EFBC}") = "PatronesDiseno.Decorator", "PatronesDiseno.Decorator\PatronesDiseno.Decorator.csproj", "{C6AC48AB-D754-454A-85F0-67CD2026635A}"
EndProject
Global
	GlobalSection(SolutionConfigurationPlatforms) = preSolution
		Debug|Any CPU = Debug|Any CPU
		Release|Any CPU = Release|Any CPU
	EndGlobalSection
	GlobalSection(ProjectConfigurationPlatforms) = postSolution
		{9EF782E3-B96A-4618-AC22-2F409FC1BB64}.Debug|Any CPU.ActiveCfg = Debug|Any CPU
		{9EF782E3-B96A-4618-AC22-2F409FC1BB64}.Debug|Any CPU.Build.0 = Debug|Any CPU
		{9EF782E3-B96A-4618-AC22-2F409FC1BB64}.Release|Any CPU.ActiveCfg = Release|Any CPU
		{9EF782E3-B96A-4618-AC22-2F409FC1BB64}.Release|Any CPU.Build.0 = Release|Any CPU
		{56CD2B31-99E1-4095-93F9-22E1AEBCCAA7}.Debug|Any CPU.ActiveCfg = Debug|Any CPU
		{56CD2B31-99E1-4095-93F9-22E1AEBCCAA7}.Debug|Any CPU.Build.0 = Debug|Any CPU
		{56CD2B31-99E1-4095-93F9-22E1AEBCCAA7}.Release|Any CPU.ActiveCfg = Release|Any CPU
		{56CD2B31-99E1-4095-93F9-22E1AEBCCAA7}.Release|Any CPU.Build.0 = Release|Any CPU
		{2BD05529-66AD-4E5C-A0E2-48654D436E37}.Debug|Any CPU.ActiveCfg = Debug|Any CPU
		{2BD05529-66AD-4E5C-A0E2-48654D436E37}.Debug|Any CPU.Build.0 = Debug|Any CPU
		{2BD05529-66AD-4E5C-A0E2-48654D436E37}.Release|Any CPU.ActiveCfg = Release|Any CPU
		{2BD05529-66AD-4E5C-A0E2-48654D436E37}.Release|Any CPU.Build.0 = Release|Any CPU
		{088419BE-F975-481E-90AE-3BB865B78C7F}.Debug|Any CPU.ActiveCfg = Debug|Any CPU
		{088419BE-F975-481E-90AE-3BB865B78C7F}.Debug|Any CPU.Build.0 = Debug|Any CPU
		{088419BE-F975-481E-90AE-3BB865B78C7F}.Release|Any CPU.ActiveCfg = Release|Any CPU
		{088419BE-F975-481E-90AE-3BB865B78C7F}.Release|Any CPU.Build.0 = Release|Any CPU
		{B4B0FAF1-E04F-466D-B657-4C0D7E17D532}.Debug|Any CPU.ActiveCfg = Debug|Any CPU
		{B4B0FAF1-E04F-466D-B657-4C0D7E17D532}.Debug|Any CPU.Build.0 = Debug|Any CPU
		{B4B0FAF1-E04F-466D-B657-4C0D7E17D532}.Release|Any CPU.ActiveCfg = Release|Any CPU
		{B4B0FAF1-E04F-466D-B657-4C0D7E17D532}.Release|Any CPU.Build.0 = Release|Any CPU
		{E1DB2D40-52B5-4F87-9A59-4F526864708A}.Debug|Any CPU.ActiveCfg = Debug|Any CPU
		{E1DB2D40-52B5-4F87-9A59-4F526864708A}.Debug|Any CPU.Build.0 = Debug|Any CPU
		{E1DB2D40-52B5-4F87-9A59-4F526864708A}.Release|Any CPU.ActiveCfg = Release|Any CPU
		{E1DB2D40-52B5-4F87-9A59-4F526864708A}.Release|Any CPU.Build.0 = Release|Any CPU
		{950AA67A-168A-489D-9FC0-1F85E97924DB}.Debug|Any CPU.ActiveCfg = Debug|Any CPU
		{950AA67A-168A-489D-9FC0-1F85E97924DB}.Debug|Any CPU.Build.0 = Debug|Any CPU
		{950AA67A-168A-489D-9FC0-1F85E97924DB}.Release|Any CPU.ActiveCfg = Release|Any CPU
		{950AA67A-168A-489D-9FC0-1F85E97924DB}.Release|Any CPU.Build.0 = Release|Any CPU
		{E5D75E54-622F-483B-B45C-D20C6287BF83}.Debug|Any CPU.ActiveCfg = Debug|Any CPU
		{E5D75E54-622F-483B-B45C-D20C6287BF83}.Debug|Any CPU.Build.0 = Debug|Any CPU
		{E5D75E54-622F-483B-B45C-D20C6287BF83}.Release|Any CPU.ActiveCfg = Release|Any CPU
		{E5D75E54-622F-483B-B45C-D20C6287BF83}.Release|Any CPU.Build.0 = Release|Any CPU
		{0CA89ED1-16C4-471A-ADA4-EA11CE9160D0}.Debug|Any CPU.ActiveCfg = Debug|Any CPU
		{0CA89ED1-16C4-471A-ADA4-EA11CE9160D0}.Debug|Any CPU.Build.0 = Debug|Any CPU
		{0CA89ED1-16C4-471A-ADA4-EA11CE9160D0}.Release|Any CPU.ActiveCfg = Release|Any CPU
		{0CA89ED1-16C4-471A-ADA4-EA11CE9160D0}.Release|Any CPU.Build.0 = Release|Any CPU
		{C6AC48AB-D754-454A-85F0-67CD2026635A}.Debug|Any CPU.ActiveCfg = Debug|Any CPU
		{C6AC48AB-D754-454A-85F0-67CD2026635A}.Debug|Any CPU.Build.0 = Debug|Any CPU
		{C6AC48AB-D754-454A-85F0-67CD2026635A}.Release|Any CPU.ActiveCfg = Release|Any CPU
		{C6AC48AB-D754-454A-85F0-67CD2026635A}.Release|Any CPU.Build.0 = Release|Any CPU
	EndGlobalSection
	GlobalSection(SolutionProperties) = preSolution
		HideSolutionNode = FALSE
	EndGlobalSection
	GlobalSection(ExtensibilityGlobals) = postSolution
		SolutionGuid = {F5898A45-3A7B-46EB-8276-16D289D93145}
	EndGlobalSection
EndGlobal
