
Microsoft Visual Studio Solution File, Format Version 12.00
# Visual Studio Version 16
VisualStudioVersion = 16.0.29728.190
MinimumVisualStudioVersion = 10.0.40219.1
Project("{9A19103F-16F7-4668-BE54-9A1E7A4F7556}") = "PatronesDiseno.Facade", "PatronesDiseno.Facade\PatronesDiseno.Facade.csproj", "{9EF782E3-B96A-4618-AC22-2F409FC1BB64}"
EndProject
Project("{9A19103F-16F7-4668-BE54-9A1E7A4F7556}") = "PatronesDiseno.Singleton", "PatronesDiseno.Singleton\PatronesDiseno.Singleton.csproj", "{56CD2B31-99E1-4095-93F9-22E1AEBCCAA7}"
EndProject
Project("{9A19103F-16F7-4668-BE54-9A1E7A4F7556}") = "PatronesDiseno.Proxy", "PatronesDiseno.Proxy\PatronesDiseno.Proxy.csproj", "{2BD05529-66AD-4E5C-A0E2-48654D436E37}"
EndProject
Project("{FAE04EC0-301F-11D3-BF4B-00C04F79EFBC}") = "PatronesDiseno.Command", "PatronesDiseno.Command\PatronesDiseno.Command.csproj", "{088419BE-F975-481E-90AE-3BB865B78C7F}"
EndProject
Global
	GlobalSection(SolutionConfigurationPlatforms) = preSolution
		Debug|Any CPU = Debug|Any CPU
		Release|Any CPU = Release|Any CPU
	EndGlobalSection
	GlobalSection(ProjectConfigurationPlatforms) = postSolution
		{9EF782E3-B96A-4618-AC22-2F409FC1BB64}.Debug|Any CPU.ActiveCfg = Debug|Any CPU
		{9EF782E3-B96A-4618-AC22-2F409FC1BB64}.Debug|Any CPU.Build.0 = Debug|Any CPU
		{9EF782E3-B96A-4618-AC22-2F409FC1BB64}.Release|Any CPU.ActiveCfg = Release|Any CPU
		{9EF782E3-B96A-4618-AC22-2F409FC1BB64}.Release|Any CPU.Build.0 = Release|Any CPU
		{56CD2B31-99E1-4095-93F9-22E1AEBCCAA7}.Debug|Any CPU.ActiveCfg = Debug|Any CPU
		{56CD2B31-99E1-4095-93F9-22E1AEBCCAA7}.Debug|Any CPU.Build.0 = Debug|Any CPU
		{56CD2B31-99E1-4095-93F9-22E1AEBCCAA7}.Release|Any CPU.ActiveCfg = Release|Any CPU
		{56CD2B31-99E1-4095-93F9-22E1AEBCCAA7}.Release|Any CPU.Build.0 = Release|Any CPU
		{2BD05529-66AD-4E5C-A0E2-48654D436E37}.Debug|Any CPU.ActiveCfg = Debug|Any CPU
		{2BD05529-66AD-4E5C-A0E2-48654D436E37}.Debug|Any CPU.Build.0 = Debug|Any CPU
		{2BD05529-66AD-4E5C-A0E2-48654D436E37}.Release|Any CPU.ActiveCfg = Release|Any CPU
		{2BD05529-66AD-4E5C-A0E2-48654D436E37}.Release|Any CPU.Build.0 = Release|Any CPU
		{088419BE-F975-481E-90AE-3BB865B78C7F}.Debug|Any CPU.ActiveCfg = Debug|Any CPU
		{088419BE-F975-481E-90AE-3BB865B78C7F}.Debug|Any CPU.Build.0 = Debug|Any CPU
		{088419BE-F975-481E-90AE-3BB865B78C7F}.Release|Any CPU.ActiveCfg = Release|Any CPU
		{088419BE-F975-481E-90AE-3BB865B78C7F}.Release|Any CPU.Build.0 = Release|Any CPU
	EndGlobalSection
	GlobalSection(SolutionProperties) = preSolution
		HideSolutionNode = FALSE
	EndGlobalSection
	GlobalSection(ExtensibilityGlobals) = postSolution
		SolutionGuid = {F5898A45-3A7B-46EB-8276-16D289D93145}
	EndGlobalSection
EndGlobal
